
Microsoft Visual Studio Solution File, Format Version 12.00
# Visual Studio 2012
Project("{F184B08F-C81C-45F6-A57F-5ABD9991F28F}") = "AlgorithmStudy", "AlgorithmStudy\AlgorithmStudy.vbproj", "{7D9A76D0-7ADF-42FF-9189-36D57A87971B}"
EndProject
Global
	GlobalSection(SolutionConfigurationPlatforms) = preSolution
		Debug|Any CPU = Debug|Any CPU
		Release|Any CPU = Release|Any CPU
	EndGlobalSection
	GlobalSection(ProjectConfigurationPlatforms) = postSolution
		{7D9A76D0-7ADF-42FF-9189-36D57A87971B}.Debug|Any CPU.ActiveCfg = Debug|Any CPU
		{7D9A76D0-7ADF-42FF-9189-36D57A87971B}.Debug|Any CPU.Build.0 = Debug|Any CPU
		{7D9A76D0-7ADF-42FF-9189-36D57A87971B}.Release|Any CPU.ActiveCfg = Release|Any CPU
		{7D9A76D0-7ADF-42FF-9189-36D57A87971B}.Release|Any CPU.Build.0 = Release|Any CPU
	EndGlobalSection
	GlobalSection(SolutionProperties) = preSolution
		HideSolutionNode = FALSE
	EndGlobalSection
EndGlobal
