
Microsoft Visual Studio Solution File, Format Version 12.00
# Visual Studio Express 2012 for Web
Project("{E24C65DC-7377-472B-9ABA-BC803B73C61A}") = "SignUpSheet", "http://localhost:62350", "{97CE0E16-472F-4DD7-81D6-8B95E09288E2}"
	ProjectSection(WebsiteProperties) = preProject
		UseIISExpress = "true"
		TargetFrameworkMoniker = ".NETFramework,Version%3Dv4.5"
		Debug.AspNetCompiler.VirtualPath = "/localhost_62350"
		Debug.AspNetCompiler.PhysicalPath = "..\..\WebSites\SignUpSheet\"
		Debug.AspNetCompiler.TargetPath = "PrecompiledWeb\localhost_62350\"
		Debug.AspNetCompiler.Updateable = "true"
		Debug.AspNetCompiler.ForceOverwrite = "true"
		Debug.AspNetCompiler.FixedNames = "false"
		Debug.AspNetCompiler.Debug = "True"
		Release.AspNetCompiler.VirtualPath = "/localhost_62350"
		Release.AspNetCompiler.PhysicalPath = "..\..\WebSites\SignUpSheet\"
		Release.AspNetCompiler.TargetPath = "PrecompiledWeb\localhost_62350\"
		Release.AspNetCompiler.Updateable = "true"
		Release.AspNetCompiler.ForceOverwrite = "true"
		Release.AspNetCompiler.FixedNames = "false"
		Release.AspNetCompiler.Debug = "False"
		SlnRelativePath = "..\..\WebSites\SignUpSheet\"
		DefaultWebSiteLanguage = "Visual Basic"
	EndProjectSection
EndProject
Global
	GlobalSection(SolutionConfigurationPlatforms) = preSolution
		Debug|Any CPU = Debug|Any CPU
	EndGlobalSection
	GlobalSection(ProjectConfigurationPlatforms) = postSolution
		{97CE0E16-472F-4DD7-81D6-8B95E09288E2}.Debug|Any CPU.ActiveCfg = Debug|Any CPU
		{97CE0E16-472F-4DD7-81D6-8B95E09288E2}.Debug|Any CPU.Build.0 = Debug|Any CPU
	EndGlobalSection
	GlobalSection(SolutionProperties) = preSolution
		HideSolutionNode = FALSE
	EndGlobalSection
EndGlobal
