
Microsoft Visual Studio Solution File, Format Version 12.00
# Visual Studio Express 2012 for Web
Project("{E24C65DC-7377-472B-9ABA-BC803B73C61A}") = "WebSite8", "http://localhost:62577", "{DD8CDB2C-716C-4CFC-861D-4A199A1BC9FE}"
	ProjectSection(WebsiteProperties) = preProject
		UseIISExpress = "true"
		TargetFrameworkMoniker = ".NETFramework,Version%3Dv4.5"
		Debug.AspNetCompiler.VirtualPath = "/localhost_62577"
		Debug.AspNetCompiler.PhysicalPath = "..\..\WebSites\WebSite8\"
		Debug.AspNetCompiler.TargetPath = "PrecompiledWeb\localhost_62577\"
		Debug.AspNetCompiler.Updateable = "true"
		Debug.AspNetCompiler.ForceOverwrite = "true"
		Debug.AspNetCompiler.FixedNames = "false"
		Debug.AspNetCompiler.Debug = "True"
		Release.AspNetCompiler.VirtualPath = "/localhost_62577"
		Release.AspNetCompiler.PhysicalPath = "..\..\WebSites\WebSite8\"
		Release.AspNetCompiler.TargetPath = "PrecompiledWeb\localhost_62577\"
		Release.AspNetCompiler.Updateable = "true"
		Release.AspNetCompiler.ForceOverwrite = "true"
		Release.AspNetCompiler.FixedNames = "false"
		Release.AspNetCompiler.Debug = "False"
		SlnRelativePath = "..\..\WebSites\WebSite8\"
		DefaultWebSiteLanguage = "Visual Basic"
	EndProjectSection
EndProject
Global
	GlobalSection(SolutionConfigurationPlatforms) = preSolution
		Debug|Any CPU = Debug|Any CPU
	EndGlobalSection
	GlobalSection(ProjectConfigurationPlatforms) = postSolution
		{DD8CDB2C-716C-4CFC-861D-4A199A1BC9FE}.Debug|Any CPU.ActiveCfg = Debug|Any CPU
		{DD8CDB2C-716C-4CFC-861D-4A199A1BC9FE}.Debug|Any CPU.Build.0 = Debug|Any CPU
	EndGlobalSection
	GlobalSection(SolutionProperties) = preSolution
		HideSolutionNode = FALSE
	EndGlobalSection
EndGlobal
