
Microsoft Visual Studio Solution File, Format Version 12.00
# Visual Studio 15
VisualStudioVersion = 15.0.27130.2036
MinimumVisualStudioVersion = 10.0.40219.1
Project("{FAE04EC0-301F-11D3-BF4B-00C04F79EFBC}") = "WindowsFormsApplication2", "WindowsFormsApplication2\WindowsFormsApplication2.csproj", "{B45327C9-E497-4F1B-8334-E6DAA03A010A}"
EndProject
Global
	GlobalSection(SolutionConfigurationPlatforms) = preSolution
		Debug|Any CPU = Debug|Any CPU
		Release|Any CPU = Release|Any CPU
	EndGlobalSection
	GlobalSection(ProjectConfigurationPlatforms) = postSolution
		{B45327C9-E497-4F1B-8334-E6DAA03A010A}.Debug|Any CPU.ActiveCfg = Debug|Any CPU
		{B45327C9-E497-4F1B-8334-E6DAA03A010A}.Debug|Any CPU.Build.0 = Debug|Any CPU
		{B45327C9-E497-4F1B-8334-E6DAA03A010A}.Release|Any CPU.ActiveCfg = Release|Any CPU
		{B45327C9-E497-4F1B-8334-E6DAA03A010A}.Release|Any CPU.Build.0 = Release|Any CPU
	EndGlobalSection
	GlobalSection(SolutionProperties) = preSolution
		HideSolutionNode = FALSE
	EndGlobalSection
	GlobalSection(ExtensibilityGlobals) = postSolution
		SolutionGuid = {ADE8C538-98EB-47CA-80E2-899AE9C26B99}
	EndGlobalSection
EndGlobal
